{
  "name": "springmass",
  "version": "1.0.0",
  "lockfileVersion": 3,
  "requires": true,
  "packages": {
    "": {
      "name": "springmass",
      "version": "1.0.0",
      "license": "ISC",
      "dependencies": {
        "esbuild": "^0.17.8"
      }
    },
    "node_modules/@esbuild/win32-x64": {
      "version": "0.17.8",
      "resolved": "https://registry.npmjs.org/@esbuild/win32-x64/-/win32-x64-0.17.8.tgz",
      "integrity": "sha512-1iuezdyDNngPnz8rLRDO2C/ZZ/emJLb72OsZeqQ6gL6Avko/XCXZw+NuxBSNhBAP13Hie418V7VMt9et1FMvpg==",
      "cpu": [
        "x64"
      ],
      "optional": true,
      "os": [
        "win32"
      ],
      "engines": {
        "node": ">=12"
      }
    },
    "node_modules/esbuild": {
      "version": "0.17.8",
      "resolved": "https://registry.npmjs.org/esbuild/-/esbuild-0.17.8.tgz",
      "integrity": "sha512-g24ybC3fWhZddZK6R3uD2iF/RIPnRpwJAqLov6ouX3hMbY4+tKolP0VMF3zuIYCaXun+yHwS5IPQ91N2BT191g==",
      "hasInstallScript": true,
      "bin": {
        "esbuild": "bin/esbuild"
      },
      "engines": {
        "node": ">=12"
      },
      "optionalDependencies": {
        "@esbuild/android-arm": "0.17.8",
        "@esbuild/android-arm64": "0.17.8",
        "@esbuild/android-x64": "0.17.8",
        "@esbuild/darwin-arm64": "0.17.8",
        "@esbuild/darwin-x64": "0.17.8",
        "@esbuild/freebsd-arm64": "0.17.8",
        "@esbuild/freebsd-x64": "0.17.8",
        "@esbuild/linux-arm": "0.17.8",
        "@esbuild/linux-arm64": "0.17.8",
        "@esbuild/linux-ia32": "0.17.8",
        "@esbuild/linux-loong64": "0.17.8",
        "@esbuild/linux-mips64el": "0.17.8",
        "@esbuild/linux-ppc64": "0.17.8",
        "@esbuild/linux-riscv64": "0.17.8",
        "@esbuild/linux-s390x": "0.17.8",
        "@esbuild/linux-x64": "0.17.8",
        "@esbuild/netbsd-x64": "0.17.8",
        "@esbuild/openbsd-x64": "0.17.8",
        "@esbuild/sunos-x64": "0.17.8",
        "@esbuild/win32-arm64": "0.17.8",
        "@esbuild/win32-ia32": "0.17.8",
        "@esbuild/win32-x64": "0.17.8"
      }
    }
  }
}
